# generated by rye
# use `rye lock` or `rye sync` to update this lockfile
#
# last locked with the following flags:
#   pre: false
#   features: []
#   all-features: false
#   with-sources: false
#   generate-hashes: false
#   universal: false

-e file:.
annotated-types==0.7.0
    # via pydantic
iniconfig==2.0.0
    # via pytest
packaging==24.1
    # via pytest
    # via qtpy
pluggy==1.5.0
    # via pytest
pydantic==2.9.1
    # via qtantic
pydantic-core==2.23.3
    # via pydantic
pyqt6==6.7.1
pyqt6-qt6==6.7.2
    # via pyqt6
pyqt6-sip==13.8.0
    # via pyqt6
pytest==8.3.2
qtpy==2.4.1
    # via qtantic
typing-extensions==4.12.2
    # via pydantic
    # via pydantic-core
