# generated by rye
# use `rye lock` or `rye sync` to update this lockfile
#
# last locked with the following flags:
#   pre: false
#   features: []
#   all-features: false
#   with-sources: false
#   generate-hashes: false
#   universal: false

-e file:.
annotated-types==0.7.0
    # via pydantic
packaging==24.1
    # via qtpy
pydantic==2.9.1
    # via qtantic
pydantic-core==2.23.3
    # via pydantic
qtpy==2.4.1
    # via qtantic
typing-extensions==4.12.2
    # via pydantic
    # via pydantic-core
